
Microsoft Visual Studio Solution File, Format Version 12.00
# Visual Studio Version 16
VisualStudioVersion = 16.0.31005.135
MinimumVisualStudioVersion = 10.0.40219.1
Project("{FAE04EC0-301F-11D3-BF4B-00C04F79EFBC}") = "OAuthWpfApp", "OAuthWpfApp.csproj", "{AB22CB4F-BD42-4B70-885E-7F0C53EDD86F}"
EndProject
Global
	GlobalSection(SolutionConfigurationPlatforms) = preSolution
		Debug|Any CPU = Debug|Any CPU
		Release|Any CPU = Release|Any CPU
	EndGlobalSection
	GlobalSection(ProjectConfigurationPlatforms) = postSolution
		{AB22CB4F-BD42-4B70-885E-7F0C53EDD86F}.Debug|Any CPU.ActiveCfg = Debug|Any CPU
		{AB22CB4F-BD42-4B70-885E-7F0C53EDD86F}.Debug|Any CPU.Build.0 = Debug|Any CPU
		{AB22CB4F-BD42-4B70-885E-7F0C53EDD86F}.Release|Any CPU.ActiveCfg = Release|Any CPU
		{AB22CB4F-BD42-4B70-885E-7F0C53EDD86F}.Release|Any CPU.Build.0 = Release|Any CPU
	EndGlobalSection
	GlobalSection(SolutionProperties) = preSolution
		HideSolutionNode = FALSE
	EndGlobalSection
	GlobalSection(ExtensibilityGlobals) = postSolution
		SolutionGuid = {9BD29ABF-5827-4F2D-9778-102E670C303B}
	EndGlobalSection
EndGlobal
