
Microsoft Visual Studio Solution File, Format Version 12.00
# Visual Studio Version 16
VisualStudioVersion = 16.0.31005.135
MinimumVisualStudioVersion = 10.0.40219.1
Project("{9A19103F-16F7-4668-BE54-9A1E7A4F7556}") = "NativeConsolePKCEClient", "NativeConsolePKCEClient\NativeConsolePKCEClient.csproj", "{5FB9B022-DF80-4743-81AC-FEB254BCD270}"
EndProject
Project("{9A19103F-16F7-4668-BE54-9A1E7A4F7556}") = "OAuthWpfApp", "OAuthWpfApp\OAuthWpfApp.csproj", "{1FA96712-BF87-4C68-A90A-3A19C1DCD964}"
EndProject
Project("{9A19103F-16F7-4668-BE54-9A1E7A4F7556}") = "ThreeShape.Identity.Samples.CreateFull", "ThreeShape.Identity.Samples.CreateFull\ThreeShape.Identity.Samples.CreateFull.csproj", "{668945B2-B5AE-4C03-81BC-91C86B0EEDDA}"
EndProject
Project("{2150E333-8FDC-42A3-9474-1A3956D46DE8}") = "Solution Items", "Solution Items", "{C6858543-49BD-4667-8AD3-1130FB5983F7}"
	ProjectSection(SolutionItems) = preProject
		README.md = README.md
	EndProjectSection
EndProject
Project("{9A19103F-16F7-4668-BE54-9A1E7A4F7556}") = "OAuthRazorWebApp", "OAuthRazorWebApp\OAuthRazorWebApp.csproj", "{1903EF8F-E802-45FF-9471-957D370CF395}"
EndProject
Project("{9A19103F-16F7-4668-BE54-9A1E7A4F7556}") = "WeatherWebApi", "WeatherWebApi\WeatherWebApi.csproj", "{8420F7A3-36C8-496D-A131-44C345A61C78}"
EndProject
Project("{9A19103F-16F7-4668-BE54-9A1E7A4F7556}") = "OauthRazorWebApp2", "OauthRazorWebApp2\OauthRazorWebApp2.csproj", "{53244A7A-7185-46E7-B75D-E199B96CE45A}"
EndProject
Global
	GlobalSection(SolutionConfigurationPlatforms) = preSolution
		Debug|Any CPU = Debug|Any CPU
		Release|Any CPU = Release|Any CPU
	EndGlobalSection
	GlobalSection(ProjectConfigurationPlatforms) = postSolution
		{5FB9B022-DF80-4743-81AC-FEB254BCD270}.Debug|Any CPU.ActiveCfg = Debug|Any CPU
		{5FB9B022-DF80-4743-81AC-FEB254BCD270}.Debug|Any CPU.Build.0 = Debug|Any CPU
		{5FB9B022-DF80-4743-81AC-FEB254BCD270}.Release|Any CPU.ActiveCfg = Release|Any CPU
		{5FB9B022-DF80-4743-81AC-FEB254BCD270}.Release|Any CPU.Build.0 = Release|Any CPU
		{1FA96712-BF87-4C68-A90A-3A19C1DCD964}.Debug|Any CPU.ActiveCfg = Debug|Any CPU
		{1FA96712-BF87-4C68-A90A-3A19C1DCD964}.Debug|Any CPU.Build.0 = Debug|Any CPU
		{1FA96712-BF87-4C68-A90A-3A19C1DCD964}.Release|Any CPU.ActiveCfg = Release|Any CPU
		{1FA96712-BF87-4C68-A90A-3A19C1DCD964}.Release|Any CPU.Build.0 = Release|Any CPU
		{668945B2-B5AE-4C03-81BC-91C86B0EEDDA}.Debug|Any CPU.ActiveCfg = Debug|Any CPU
		{668945B2-B5AE-4C03-81BC-91C86B0EEDDA}.Debug|Any CPU.Build.0 = Debug|Any CPU
		{668945B2-B5AE-4C03-81BC-91C86B0EEDDA}.Release|Any CPU.ActiveCfg = Release|Any CPU
		{668945B2-B5AE-4C03-81BC-91C86B0EEDDA}.Release|Any CPU.Build.0 = Release|Any CPU
		{1903EF8F-E802-45FF-9471-957D370CF395}.Debug|Any CPU.ActiveCfg = Debug|Any CPU
		{1903EF8F-E802-45FF-9471-957D370CF395}.Debug|Any CPU.Build.0 = Debug|Any CPU
		{1903EF8F-E802-45FF-9471-957D370CF395}.Release|Any CPU.ActiveCfg = Release|Any CPU
		{1903EF8F-E802-45FF-9471-957D370CF395}.Release|Any CPU.Build.0 = Release|Any CPU
		{8420F7A3-36C8-496D-A131-44C345A61C78}.Debug|Any CPU.ActiveCfg = Debug|Any CPU
		{8420F7A3-36C8-496D-A131-44C345A61C78}.Debug|Any CPU.Build.0 = Debug|Any CPU
		{8420F7A3-36C8-496D-A131-44C345A61C78}.Release|Any CPU.ActiveCfg = Release|Any CPU
		{8420F7A3-36C8-496D-A131-44C345A61C78}.Release|Any CPU.Build.0 = Release|Any CPU
		{53244A7A-7185-46E7-B75D-E199B96CE45A}.Debug|Any CPU.ActiveCfg = Debug|Any CPU
		{53244A7A-7185-46E7-B75D-E199B96CE45A}.Debug|Any CPU.Build.0 = Debug|Any CPU
		{53244A7A-7185-46E7-B75D-E199B96CE45A}.Release|Any CPU.ActiveCfg = Release|Any CPU
		{53244A7A-7185-46E7-B75D-E199B96CE45A}.Release|Any CPU.Build.0 = Release|Any CPU
	EndGlobalSection
	GlobalSection(SolutionProperties) = preSolution
		HideSolutionNode = FALSE
	EndGlobalSection
	GlobalSection(ExtensibilityGlobals) = postSolution
		SolutionGuid = {9074847A-5E7A-451B-80D6-58D362B33795}
	EndGlobalSection
EndGlobal
